
Microsoft Visual Studio Solution File, Format Version 12.00
# Visual Studio Version 17
VisualStudioVersion = 17.7.34024.191
MinimumVisualStudioVersion = 10.0.40219.1
Project("{8BC9CEB8-8B4A-11D0-8D11-00A0C91BC942}") = "picture", "picture\picture.vcxproj", "{D3D5D200-F23B-4C48-B289-2F2833559A8D}"
EndProject
Global
	GlobalSection(SolutionConfigurationPlatforms) = preSolution
		Debug|x64 = Debug|x64
		Debug|x86 = Debug|x86
		Release|x64 = Release|x64
		Release|x86 = Release|x86
	EndGlobalSection
	GlobalSection(ProjectConfigurationPlatforms) = postSolution
		{D3D5D200-F23B-4C48-B289-2F2833559A8D}.Debug|x64.ActiveCfg = Debug|x64
		{D3D5D200-F23B-4C48-B289-2F2833559A8D}.Debug|x64.Build.0 = Debug|x64
		{D3D5D200-F23B-4C48-B289-2F2833559A8D}.Debug|x86.ActiveCfg = Debug|Win32
		{D3D5D200-F23B-4C48-B289-2F2833559A8D}.Debug|x86.Build.0 = Debug|Win32
		{D3D5D200-F23B-4C48-B289-2F2833559A8D}.Release|x64.ActiveCfg = Release|x64
		{D3D5D200-F23B-4C48-B289-2F2833559A8D}.Release|x64.Build.0 = Release|x64
		{D3D5D200-F23B-4C48-B289-2F2833559A8D}.Release|x86.ActiveCfg = Release|Win32
		{D3D5D200-F23B-4C48-B289-2F2833559A8D}.Release|x86.Build.0 = Release|Win32
	EndGlobalSection
	GlobalSection(SolutionProperties) = preSolution
		HideSolutionNode = FALSE
	EndGlobalSection
	GlobalSection(ExtensibilityGlobals) = postSolution
		SolutionGuid = {E66BB09E-7C37-42B0-8F5E-729549CD8489}
	EndGlobalSection
EndGlobal
