
Microsoft Visual Studio Solution File, Format Version 12.00
# Visual Studio Version 17
VisualStudioVersion = 17.7.34024.191
MinimumVisualStudioVersion = 10.0.40219.1
Project("{8BC9CEB8-8B4A-11D0-8D11-00A0C91BC942}") = "DList", "DList\DList.vcxproj", "{93527D99-F4CF-485F-A4EB-B10763374DFA}"
EndProject
Global
	GlobalSection(SolutionConfigurationPlatforms) = preSolution
		Debug|x64 = Debug|x64
		Debug|x86 = Debug|x86
		Release|x64 = Release|x64
		Release|x86 = Release|x86
	EndGlobalSection
	GlobalSection(ProjectConfigurationPlatforms) = postSolution
		{93527D99-F4CF-485F-A4EB-B10763374DFA}.Debug|x64.ActiveCfg = Debug|x64
		{93527D99-F4CF-485F-A4EB-B10763374DFA}.Debug|x64.Build.0 = Debug|x64
		{93527D99-F4CF-485F-A4EB-B10763374DFA}.Debug|x86.ActiveCfg = Debug|Win32
		{93527D99-F4CF-485F-A4EB-B10763374DFA}.Debug|x86.Build.0 = Debug|Win32
		{93527D99-F4CF-485F-A4EB-B10763374DFA}.Release|x64.ActiveCfg = Release|x64
		{93527D99-F4CF-485F-A4EB-B10763374DFA}.Release|x64.Build.0 = Release|x64
		{93527D99-F4CF-485F-A4EB-B10763374DFA}.Release|x86.ActiveCfg = Release|Win32
		{93527D99-F4CF-485F-A4EB-B10763374DFA}.Release|x86.Build.0 = Release|Win32
	EndGlobalSection
	GlobalSection(SolutionProperties) = preSolution
		HideSolutionNode = FALSE
	EndGlobalSection
	GlobalSection(ExtensibilityGlobals) = postSolution
		SolutionGuid = {97F3A32F-4602-4ADD-8B71-409E6F1B8A81}
	EndGlobalSection
EndGlobal
